// !$*UTF8*$!
{
	archiveVersion = 1;
	classes = {
	};
	objectVersion = 51;
	objects = {

/* Begin PBXBuildFile section */
		3D41A50822E975BA002AB802 /* VibrationService.swift in Sources */ = {isa = PBXBuildFile; fileRef = 3D41A50722E975BA002AB802 /* VibrationService.swift */; };
		3D41A51922E99509002AB802 /* TopPresenter.swift in Sources */ = {isa = PBXBuildFile; fileRef = 3D41A51822E99509002AB802 /* TopPresenter.swift */; };
		3D41A51C22E995C4002AB802 /* TaskRealm.swift in Sources */ = {isa = PBXBuildFile; fileRef = 3D41A51B22E995C4002AB802 /* TaskRealm.swift */; };
		3D41A51E22E996B4002AB802 /* Task.swift in Sources */ = {isa = PBXBuildFile; fileRef = 3D41A51D22E996B4002AB802 /* Task.swift */; };
		3D41A52022E9B8FF002AB802 /* TaskModel.swift in Sources */ = {isa = PBXBuildFile; fileRef = 3D41A51F22E9B8FF002AB802 /* TaskModel.swift */; };
		3D41A52322E9CB51002AB802 /* CountdownPresenter.swift in Sources */ = {isa = PBXBuildFile; fileRef = 3D41A52222E9CB51002AB802 /* CountdownPresenter.swift */; };
		3D41A52522E9CC91002AB802 /* CompleteTaskPresenter.swift in Sources */ = {isa = PBXBuildFile; fileRef = 3D41A52422E9CC91002AB802 /* CompleteTaskPresenter.swift */; };
		3D41A52C22EAD7DC002AB802 /* CompleteTaskTableViewCell.swift in Sources */ = {isa = PBXBuildFile; fileRef = 3D41A52A22EAD7DC002AB802 /* CompleteTaskTableViewCell.swift */; };
		3D41A52D22EAD7DC002AB802 /* CompleteTaskTableViewCell.xib in Resources */ = {isa = PBXBuildFile; fileRef = 3D41A52B22EAD7DC002AB802 /* CompleteTaskTableViewCell.xib */; };
		3D50F8FD22F6D7E000A76FAD /* RTA-32.png in Resources */ = {isa = PBXBuildFile; fileRef = 3D50F8FC22F6D7E000A76FAD /* RTA-32.png */; };
		3D50FAF023E48B340052541D /* CommonViewController.swift in Sources */ = {isa = PBXBuildFile; fileRef = 3D50FAEF23E48B340052541D /* CommonViewController.swift */; };
		3D5B184F23E74D440070B638 /* Localizable.strings in Resources */ = {isa = PBXBuildFile; fileRef = 3D5B185123E74D440070B638 /* Localizable.strings */; };
		3D5B185423E74E1E0070B638 /* String+Localization.swift in Sources */ = {isa = PBXBuildFile; fileRef = 3D5B185323E74E1E0070B638 /* String+Localization.swift */; };
		3D6BA9E422E71F33006537EF /* AppDelegate.swift in Sources */ = {isa = PBXBuildFile; fileRef = 3D6BA9E322E71F33006537EF /* AppDelegate.swift */; };
		3D6BA9E622E71F33006537EF /* CountdownViewController.swift in Sources */ = {isa = PBXBuildFile; fileRef = 3D6BA9E522E71F33006537EF /* CountdownViewController.swift */; };
		3D6BA9E922E71F33006537EF /* Main.storyboard in Resources */ = {isa = PBXBuildFile; fileRef = 3D6BA9E722E71F33006537EF /* Main.storyboard */; };
		3D6BA9EB22E71F36006537EF /* Assets.xcassets in Resources */ = {isa = PBXBuildFile; fileRef = 3D6BA9EA22E71F36006537EF /* Assets.xcassets */; };
		3D6BA9EE22E71F36006537EF /* LaunchScreen.storyboard in Resources */ = {isa = PBXBuildFile; fileRef = 3D6BA9EC22E71F36006537EF /* LaunchScreen.storyboard */; };
		3DB8C4E922E72B7E0042DCC8 /* TopViewController.swift in Sources */ = {isa = PBXBuildFile; fileRef = 3DB8C4E822E72B7E0042DCC8 /* TopViewController.swift */; };
		3DB8C4EB22E72BEB0042DCC8 /* CompleteTaskViewController.swift in Sources */ = {isa = PBXBuildFile; fileRef = 3DB8C4EA22E72BEB0042DCC8 /* CompleteTaskViewController.swift */; };
		3DC5399723BF42E500BB46DA /* UIFeedbackService.swift in Sources */ = {isa = PBXBuildFile; fileRef = 3DC5399623BF42E500BB46DA /* UIFeedbackService.swift */; };
		3DCCC46C2303E46400008C83 /* Tasks-32.png in Resources */ = {isa = PBXBuildFile; fileRef = 3DCCC46B2303E46400008C83 /* Tasks-32.png */; };
		6E1AA5E69C4BEAB66E751F62 /* Pods_toDO.framework in Frameworks */ = {isa = PBXBuildFile; fileRef = 580C5BB65CCAEF7F00B7E7D3 /* Pods_toDO.framework */; };
/* End PBXBuildFile section */

/* Begin PBXFileReference section */
		3D41A50722E975BA002AB802 /* VibrationService.swift */ = {isa = PBXFileReference; lastKnownFileType = sourcecode.swift; path = VibrationService.swift; sourceTree = "<group>"; };
		3D41A51822E99509002AB802 /* TopPresenter.swift */ = {isa = PBXFileReference; lastKnownFileType = sourcecode.swift; path = TopPresenter.swift; sourceTree = "<group>"; };
		3D41A51B22E995C4002AB802 /* TaskRealm.swift */ = {isa = PBXFileReference; lastKnownFileType = sourcecode.swift; path = TaskRealm.swift; sourceTree = "<group>"; };
		3D41A51D22E996B4002AB802 /* Task.swift */ = {isa = PBXFileReference; lastKnownFileType = sourcecode.swift; path = Task.swift; sourceTree = "<group>"; };
		3D41A51F22E9B8FF002AB802 /* TaskModel.swift */ = {isa = PBXFileReference; lastKnownFileType = sourcecode.swift; path = TaskModel.swift; sourceTree = "<group>"; };
		3D41A52222E9CB51002AB802 /* CountdownPresenter.swift */ = {isa = PBXFileReference; lastKnownFileType = sourcecode.swift; path = CountdownPresenter.swift; sourceTree = "<group>"; };
		3D41A52422E9CC91002AB802 /* CompleteTaskPresenter.swift */ = {isa = PBXFileReference; lastKnownFileType = sourcecode.swift; path = CompleteTaskPresenter.swift; sourceTree = "<group>"; };
		3D41A52A22EAD7DC002AB802 /* CompleteTaskTableViewCell.swift */ = {isa = PBXFileReference; lastKnownFileType = sourcecode.swift; path = CompleteTaskTableViewCell.swift; sourceTree = "<group>"; };
		3D41A52B22EAD7DC002AB802 /* CompleteTaskTableViewCell.xib */ = {isa = PBXFileReference; lastKnownFileType = file.xib; path = CompleteTaskTableViewCell.xib; sourceTree = "<group>"; };
		3D50F8FC22F6D7E000A76FAD /* RTA-32.png */ = {isa = PBXFileReference; lastKnownFileType = image.png; path = "RTA-32.png"; sourceTree = "<group>"; };
		3D50FAEF23E48B340052541D /* CommonViewController.swift */ = {isa = PBXFileReference; lastKnownFileType = sourcecode.swift; path = CommonViewController.swift; sourceTree = "<group>"; };
		3D5B184623E74A080070B638 /* ja */ = {isa = PBXFileReference; lastKnownFileType = text.plist.strings; name = ja; path = ja.lproj/Main.strings; sourceTree = "<group>"; };
		3D5B184723E74A080070B638 /* ja */ = {isa = PBXFileReference; lastKnownFileType = text.plist.strings; name = ja; path = ja.lproj/LaunchScreen.strings; sourceTree = "<group>"; };
		3D5B185023E74D440070B638 /* ja */ = {isa = PBXFileReference; lastKnownFileType = text.plist.strings; name = ja; path = ja.lproj/Localizable.strings; sourceTree = "<group>"; };
		3D5B185323E74E1E0070B638 /* String+Localization.swift */ = {isa = PBXFileReference; lastKnownFileType = sourcecode.swift; path = "String+Localization.swift"; sourceTree = "<group>"; };
		3D6BA9E022E71F33006537EF /* TaskRTA.app */ = {isa = PBXFileReference; explicitFileType = wrapper.application; includeInIndex = 0; path = TaskRTA.app; sourceTree = BUILT_PRODUCTS_DIR; };
		3D6BA9E322E71F33006537EF /* AppDelegate.swift */ = {isa = PBXFileReference; lastKnownFileType = sourcecode.swift; path = AppDelegate.swift; sourceTree = "<group>"; };
		3D6BA9E522E71F33006537EF /* CountdownViewController.swift */ = {isa = PBXFileReference; lastKnownFileType = sourcecode.swift; path = CountdownViewController.swift; sourceTree = "<group>"; };
		3D6BA9E822E71F33006537EF /* Base */ = {isa = PBXFileReference; lastKnownFileType = file.storyboard; name = Base; path = Base.lproj/Main.storyboard; sourceTree = "<group>"; };
		3D6BA9EA22E71F36006537EF /* Assets.xcassets */ = {isa = PBXFileReference; lastKnownFileType = folder.assetcatalog; path = Assets.xcassets; sourceTree = "<group>"; };
		3D6BA9ED22E71F36006537EF /* Base */ = {isa = PBXFileReference; lastKnownFileType = file.storyboard; name = Base; path = Base.lproj/LaunchScreen.storyboard; sourceTree = "<group>"; };
		3D6BA9EF22E71F36006537EF /* Info.plist */ = {isa = PBXFileReference; lastKnownFileType = text.plist.xml; path = Info.plist; sourceTree = "<group>"; };
		3DB8C4E822E72B7E0042DCC8 /* TopViewController.swift */ = {isa = PBXFileReference; lastKnownFileType = sourcecode.swift; path = TopViewController.swift; sourceTree = "<group>"; };
		3DB8C4EA22E72BEB0042DCC8 /* CompleteTaskViewController.swift */ = {isa = PBXFileReference; lastKnownFileType = sourcecode.swift; path = CompleteTaskViewController.swift; sourceTree = "<group>"; };
		3DC5399623BF42E500BB46DA /* UIFeedbackService.swift */ = {isa = PBXFileReference; lastKnownFileType = sourcecode.swift; path = UIFeedbackService.swift; sourceTree = "<group>"; };
		3DCCC46B2303E46400008C83 /* Tasks-32.png */ = {isa = PBXFileReference; lastKnownFileType = image.png; path = "Tasks-32.png"; sourceTree = "<group>"; };
		580C5BB65CCAEF7F00B7E7D3 /* Pods_toDO.framework */ = {isa = PBXFileReference; explicitFileType = wrapper.framework; includeInIndex = 0; path = Pods_toDO.framework; sourceTree = BUILT_PRODUCTS_DIR; };
		EB2B1C51B47945F02BEF6C4A /* Pods-toDO.debug.xcconfig */ = {isa = PBXFileReference; includeInIndex = 1; lastKnownFileType = text.xcconfig; name = "Pods-toDO.debug.xcconfig"; path = "Target Support Files/Pods-toDO/Pods-toDO.debug.xcconfig"; sourceTree = "<group>"; };
		FCDC5887D5439CC182A3C073 /* Pods-toDO.release.xcconfig */ = {isa = PBXFileReference; includeInIndex = 1; lastKnownFileType = text.xcconfig; name = "Pods-toDO.release.xcconfig"; path = "Target Support Files/Pods-toDO/Pods-toDO.release.xcconfig"; sourceTree = "<group>"; };
/* End PBXFileReference section */

/* Begin PBXFrameworksBuildPhase section */
		3D6BA9DD22E71F33006537EF /* Frameworks */ = {
			isa = PBXFrameworksBuildPhase;
			buildActionMask = 2147483647;
			files = (
				6E1AA5E69C4BEAB66E751F62 /* Pods_toDO.framework in Frameworks */,
			);
			runOnlyForDeploymentPostprocessing = 0;
		};
/* End PBXFrameworksBuildPhase section */

/* Begin PBXGroup section */
		3D41A50522E97566002AB802 /* Controllers */ = {
			isa = PBXGroup;
			children = (
				3D50FAEF23E48B340052541D /* CommonViewController.swift */,
				3DB8C4E822E72B7E0042DCC8 /* TopViewController.swift */,
				3D6BA9E522E71F33006537EF /* CountdownViewController.swift */,
				3DB8C4EA22E72BEB0042DCC8 /* CompleteTaskViewController.swift */,
			);
			path = Controllers;
			sourceTree = "<group>";
		};
		3D41A50622E97571002AB802 /* Services */ = {
			isa = PBXGroup;
			children = (
				3D41A50722E975BA002AB802 /* VibrationService.swift */,
				3DC5399623BF42E500BB46DA /* UIFeedbackService.swift */,
			);
			path = Services;
			sourceTree = "<group>";
		};
		3D41A51422E99097002AB802 /* Views */ = {
			isa = PBXGroup;
			children = (
				3D41A52722E9CE24002AB802 /* Storyboards */,
				3D41A52622E9CE11002AB802 /* Cells */,
				3D41A50522E97566002AB802 /* Controllers */,
			);
			path = Views;
			sourceTree = "<group>";
		};
		3D41A51722E99110002AB802 /* Presenter */ = {
			isa = PBXGroup;
			children = (
				3D41A51822E99509002AB802 /* TopPresenter.swift */,
				3D41A52222E9CB51002AB802 /* CountdownPresenter.swift */,
				3D41A52422E9CC91002AB802 /* CompleteTaskPresenter.swift */,
			);
			path = Presenter;
			sourceTree = "<group>";
		};
		3D41A51A22E99594002AB802 /* Models */ = {
			isa = PBXGroup;
			children = (
				3D41A52122E9C4CE002AB802 /* Entities */,
				3D41A51F22E9B8FF002AB802 /* TaskModel.swift */,
			);
			path = Models;
			sourceTree = "<group>";
		};
		3D41A52122E9C4CE002AB802 /* Entities */ = {
			isa = PBXGroup;
			children = (
				3D41A51D22E996B4002AB802 /* Task.swift */,
				3D41A51B22E995C4002AB802 /* TaskRealm.swift */,
			);
			path = Entities;
			sourceTree = "<group>";
		};
		3D41A52622E9CE11002AB802 /* Cells */ = {
			isa = PBXGroup;
			children = (
				3D41A52A22EAD7DC002AB802 /* CompleteTaskTableViewCell.swift */,
				3D41A52B22EAD7DC002AB802 /* CompleteTaskTableViewCell.xib */,
			);
			path = Cells;
			sourceTree = "<group>";
		};
		3D41A52722E9CE24002AB802 /* Storyboards */ = {
			isa = PBXGroup;
			children = (
				3D6BA9E722E71F33006537EF /* Main.storyboard */,
				3D6BA9EC22E71F36006537EF /* LaunchScreen.storyboard */,
			);
			path = Storyboards;
			sourceTree = "<group>";
		};
		3D5B185223E74DEE0070B638 /* Extensions */ = {
			isa = PBXGroup;
			children = (
				3D5B185323E74E1E0070B638 /* String+Localization.swift */,
			);
			path = Extensions;
			sourceTree = "<group>";
		};
		3D6BA9D722E71F33006537EF = {
			isa = PBXGroup;
			children = (
				3D6BA9E222E71F33006537EF /* TaskRTA */,
				3D6BA9E122E71F33006537EF /* Products */,
				6756AE6C21403CF0ECEF6472 /* Pods */,
				B56A5511851E45928B712C12 /* Frameworks */,
			);
			sourceTree = "<group>";
		};
		3D6BA9E122E71F33006537EF /* Products */ = {
			isa = PBXGroup;
			children = (
				3D6BA9E022E71F33006537EF /* TaskRTA.app */,
			);
			name = Products;
			sourceTree = "<group>";
		};
		3D6BA9E222E71F33006537EF /* TaskRTA */ = {
			isa = PBXGroup;
			children = (
				3D5B185223E74DEE0070B638 /* Extensions */,
				3DE32F7722F15AC600F48AA8 /* Resources */,
				3D41A51A22E99594002AB802 /* Models */,
				3D41A51722E99110002AB802 /* Presenter */,
				3D41A51422E99097002AB802 /* Views */,
				3D41A50622E97571002AB802 /* Services */,
				3D6BA9E322E71F33006537EF /* AppDelegate.swift */,
				3D5B185123E74D440070B638 /* Localizable.strings */,
				3D6BA9EA22E71F36006537EF /* Assets.xcassets */,
				3D6BA9EF22E71F36006537EF /* Info.plist */,
			);
			path = TaskRTA;
			sourceTree = "<group>";
		};
		3DE32F7722F15AC600F48AA8 /* Resources */ = {
			isa = PBXGroup;
			children = (
				3DE32F7822F15AD300F48AA8 /* Images */,
			);
			path = Resources;
			sourceTree = "<group>";
		};
		3DE32F7822F15AD300F48AA8 /* Images */ = {
			isa = PBXGroup;
			children = (
				3DCCC46B2303E46400008C83 /* Tasks-32.png */,
				3D50F8FC22F6D7E000A76FAD /* RTA-32.png */,
			);
			path = Images;
			sourceTree = "<group>";
		};
		6756AE6C21403CF0ECEF6472 /* Pods */ = {
			isa = PBXGroup;
			children = (
				EB2B1C51B47945F02BEF6C4A /* Pods-toDO.debug.xcconfig */,
				FCDC5887D5439CC182A3C073 /* Pods-toDO.release.xcconfig */,
			);
			path = Pods;
			sourceTree = "<group>";
		};
		B56A5511851E45928B712C12 /* Frameworks */ = {
			isa = PBXGroup;
			children = (
				580C5BB65CCAEF7F00B7E7D3 /* Pods_toDO.framework */,
			);
			name = Frameworks;
			sourceTree = "<group>";
		};
/* End PBXGroup section */

/* Begin PBXNativeTarget section */
		3D6BA9DF22E71F33006537EF /* TaskRTA */ = {
			isa = PBXNativeTarget;
			buildConfigurationList = 3D6BA9F222E71F36006537EF /* Build configuration list for PBXNativeTarget "TaskRTA" */;
			buildPhases = (
				ED79F0339E07CB20D46C282A /* [CP] Check Pods Manifest.lock */,
				3D6BA9DC22E71F33006537EF /* Sources */,
				3D6BA9DD22E71F33006537EF /* Frameworks */,
				3D6BA9DE22E71F33006537EF /* Resources */,
				9F9FC51700A25CE5B9173C6D /* [CP] Embed Pods Frameworks */,
			);
			buildRules = (
			);
			dependencies = (
			);
			name = TaskRTA;
			productName = toDO;
			productReference = 3D6BA9E022E71F33006537EF /* TaskRTA.app */;
			productType = "com.apple.product-type.application";
		};
/* End PBXNativeTarget section */

/* Begin PBXProject section */
		3D6BA9D822E71F33006537EF /* Project object */ = {
			isa = PBXProject;
			attributes = {
				LastSwiftUpdateCheck = 1020;
				LastUpgradeCheck = 1020;
				ORGANIZATIONNAME = Rirex;
				TargetAttributes = {
					3D6BA9DF22E71F33006537EF = {
						CreatedOnToolsVersion = 10.2.1;
						SystemCapabilities = {
							com.apple.BackgroundModes = {
								enabled = 1;
							};
						};
					};
				};
			};
			buildConfigurationList = 3D6BA9DB22E71F33006537EF /* Build configuration list for PBXProject "TaskRTA" */;
			compatibilityVersion = "Xcode 9.3";
			developmentRegion = en;
			hasScannedForEncodings = 0;
			knownRegions = (
				en,
				Base,
				ja,
			);
			mainGroup = 3D6BA9D722E71F33006537EF;
			productRefGroup = 3D6BA9E122E71F33006537EF /* Products */;
			projectDirPath = "";
			projectRoot = "";
			targets = (
				3D6BA9DF22E71F33006537EF /* TaskRTA */,
			);
		};
/* End PBXProject section */

/* Begin PBXResourcesBuildPhase section */
		3D6BA9DE22E71F33006537EF /* Resources */ = {
			isa = PBXResourcesBuildPhase;
			buildActionMask = 2147483647;
			files = (
				3D6BA9EE22E71F36006537EF /* LaunchScreen.storyboard in Resources */,
				3D41A52D22EAD7DC002AB802 /* CompleteTaskTableViewCell.xib in Resources */,
				3D6BA9EB22E71F36006537EF /* Assets.xcassets in Resources */,
				3D5B184F23E74D440070B638 /* Localizable.strings in Resources */,
				3DCCC46C2303E46400008C83 /* Tasks-32.png in Resources */,
				3D50F8FD22F6D7E000A76FAD /* RTA-32.png in Resources */,
				3D6BA9E922E71F33006537EF /* Main.storyboard in Resources */,
			);
			runOnlyForDeploymentPostprocessing = 0;
		};
/* End PBXResourcesBuildPhase section */

/* Begin PBXShellScriptBuildPhase section */
		9F9FC51700A25CE5B9173C6D /* [CP] Embed Pods Frameworks */ = {
			isa = PBXShellScriptBuildPhase;
			buildActionMask = 2147483647;
			files = (
			);
			inputFileListPaths = (
				"${PODS_ROOT}/Target Support Files/Pods-toDO/Pods-toDO-frameworks-${CONFIGURATION}-input-files.xcfilelist",
			);
			name = "[CP] Embed Pods Frameworks";
			outputFileListPaths = (
				"${PODS_ROOT}/Target Support Files/Pods-toDO/Pods-toDO-frameworks-${CONFIGURATION}-output-files.xcfilelist",
			);
			runOnlyForDeploymentPostprocessing = 0;
			shellPath = /bin/sh;
			shellScript = "\"${PODS_ROOT}/Target Support Files/Pods-toDO/Pods-toDO-frameworks.sh\"\n";
			showEnvVarsInLog = 0;
		};
		ED79F0339E07CB20D46C282A /* [CP] Check Pods Manifest.lock */ = {
			isa = PBXShellScriptBuildPhase;
			buildActionMask = 2147483647;
			files = (
			);
			inputFileListPaths = (
			);
			inputPaths = (
				"${PODS_PODFILE_DIR_PATH}/Podfile.lock",
				"${PODS_ROOT}/Manifest.lock",
			);
			name = "[CP] Check Pods Manifest.lock";
			outputFileListPaths = (
			);
			outputPaths = (
				"$(DERIVED_FILE_DIR)/Pods-toDO-checkManifestLockResult.txt",
			);
			runOnlyForDeploymentPostprocessing = 0;
			shellPath = /bin/sh;
			shellScript = "diff \"${PODS_PODFILE_DIR_PATH}/Podfile.lock\" \"${PODS_ROOT}/Manifest.lock\" > /dev/null\nif [ $? != 0 ] ; then\n    # print error to STDERR\n    echo \"error: The sandbox is not in sync with the Podfile.lock. Run 'pod install' or update your CocoaPods installation.\" >&2\n    exit 1\nfi\n# This output is used by Xcode 'outputs' to avoid re-running this script phase.\necho \"SUCCESS\" > \"${SCRIPT_OUTPUT_FILE_0}\"\n";
			showEnvVarsInLog = 0;
		};
/* End PBXShellScriptBuildPhase section */

/* Begin PBXSourcesBuildPhase section */
		3D6BA9DC22E71F33006537EF /* Sources */ = {
			isa = PBXSourcesBuildPhase;
			buildActionMask = 2147483647;
			files = (
				3D41A51E22E996B4002AB802 /* Task.swift in Sources */,
				3D41A51C22E995C4002AB802 /* TaskRealm.swift in Sources */,
				3DB8C4EB22E72BEB0042DCC8 /* CompleteTaskViewController.swift in Sources */,
				3D41A50822E975BA002AB802 /* VibrationService.swift in Sources */,
				3D6BA9E622E71F33006537EF /* CountdownViewController.swift in Sources */,
				3D41A52C22EAD7DC002AB802 /* CompleteTaskTableViewCell.swift in Sources */,
				3D41A51922E99509002AB802 /* TopPresenter.swift in Sources */,
				3D41A52322E9CB51002AB802 /* CountdownPresenter.swift in Sources */,
				3D6BA9E422E71F33006537EF /* AppDelegate.swift in Sources */,
				3D5B185423E74E1E0070B638 /* String+Localization.swift in Sources */,
				3D41A52022E9B8FF002AB802 /* TaskModel.swift in Sources */,
				3DC5399723BF42E500BB46DA /* UIFeedbackService.swift in Sources */,
				3D50FAF023E48B340052541D /* CommonViewController.swift in Sources */,
				3DB8C4E922E72B7E0042DCC8 /* TopViewController.swift in Sources */,
				3D41A52522E9CC91002AB802 /* CompleteTaskPresenter.swift in Sources */,
			);
			runOnlyForDeploymentPostprocessing = 0;
		};
/* End PBXSourcesBuildPhase section */

/* Begin PBXVariantGroup section */
		3D5B185123E74D440070B638 /* Localizable.strings */ = {
			isa = PBXVariantGroup;
			children = (
				3D5B185023E74D440070B638 /* ja */,
			);
			name = Localizable.strings;
			sourceTree = "<group>";
		};
		3D6BA9E722E71F33006537EF /* Main.storyboard */ = {
			isa = PBXVariantGroup;
			children = (
				3D6BA9E822E71F33006537EF /* Base */,
				3D5B184623E74A080070B638 /* ja */,
			);
			name = Main.storyboard;
			sourceTree = "<group>";
		};
		3D6BA9EC22E71F36006537EF /* LaunchScreen.storyboard */ = {
			isa = PBXVariantGroup;
			children = (
				3D6BA9ED22E71F36006537EF /* Base */,
				3D5B184723E74A080070B638 /* ja */,
			);
			name = LaunchScreen.storyboard;
			sourceTree = "<group>";
		};
/* End PBXVariantGroup section */

/* Begin XCBuildConfiguration section */
		3D6BA9F022E71F36006537EF /* Debug */ = {
			isa = XCBuildConfiguration;
			buildSettings = {
				ALWAYS_SEARCH_USER_PATHS = NO;
				CLANG_ANALYZER_LOCALIZABILITY_NONLOCALIZED = YES;
				CLANG_ANALYZER_NONNULL = YES;
				CLANG_ANALYZER_NUMBER_OBJECT_CONVERSION = YES_AGGRESSIVE;
				CLANG_CXX_LANGUAGE_STANDARD = "gnu++14";
				CLANG_CXX_LIBRARY = "libc++";
				CLANG_ENABLE_MODULES = YES;
				CLANG_ENABLE_OBJC_ARC = YES;
				CLANG_ENABLE_OBJC_WEAK = YES;
				CLANG_WARN_BLOCK_CAPTURE_AUTORELEASING = YES;
				CLANG_WARN_BOOL_CONVERSION = YES;
				CLANG_WARN_COMMA = YES;
				CLANG_WARN_CONSTANT_CONVERSION = YES;
				CLANG_WARN_DEPRECATED_OBJC_IMPLEMENTATIONS = YES;
				CLANG_WARN_DIRECT_OBJC_ISA_USAGE = YES_ERROR;
				CLANG_WARN_DOCUMENTATION_COMMENTS = YES;
				CLANG_WARN_EMPTY_BODY = YES;
				CLANG_WARN_ENUM_CONVERSION = YES;
				CLANG_WARN_INFINITE_RECURSION = YES;
				CLANG_WARN_INT_CONVERSION = YES;
				CLANG_WARN_NON_LITERAL_NULL_CONVERSION = YES;
				CLANG_WARN_OBJC_IMPLICIT_RETAIN_SELF = YES;
				CLANG_WARN_OBJC_LITERAL_CONVERSION = YES;
				CLANG_WARN_OBJC_ROOT_CLASS = YES_ERROR;
				CLANG_WARN_RANGE_LOOP_ANALYSIS = YES;
				CLANG_WARN_STRICT_PROTOTYPES = YES;
				CLANG_WARN_SUSPICIOUS_MOVE = YES;
				CLANG_WARN_UNGUARDED_AVAILABILITY = YES_AGGRESSIVE;
				CLANG_WARN_UNREACHABLE_CODE = YES;
				CLANG_WARN__DUPLICATE_METHOD_MATCH = YES;
				CODE_SIGN_IDENTITY = "iPhone Developer";
				COPY_PHASE_STRIP = NO;
				DEBUG_INFORMATION_FORMAT = dwarf;
				ENABLE_STRICT_OBJC_MSGSEND = YES;
				ENABLE_TESTABILITY = YES;
				GCC_C_LANGUAGE_STANDARD = gnu11;
				GCC_DYNAMIC_NO_PIC = NO;
				GCC_NO_COMMON_BLOCKS = YES;
				GCC_OPTIMIZATION_LEVEL = 0;
				GCC_PREPROCESSOR_DEFINITIONS = (
					"DEBUG=1",
					"$(inherited)",
				);
				GCC_WARN_64_TO_32_BIT_CONVERSION = YES;
				GCC_WARN_ABOUT_RETURN_TYPE = YES_ERROR;
				GCC_WARN_UNDECLARED_SELECTOR = YES;
				GCC_WARN_UNINITIALIZED_AUTOS = YES_AGGRESSIVE;
				GCC_WARN_UNUSED_FUNCTION = YES;
				GCC_WARN_UNUSED_VARIABLE = YES;
				IPHONEOS_DEPLOYMENT_TARGET = 12.2;
				MTL_ENABLE_DEBUG_INFO = INCLUDE_SOURCE;
				MTL_FAST_MATH = YES;
				ONLY_ACTIVE_ARCH = YES;
				SDKROOT = iphoneos;
				SWIFT_ACTIVE_COMPILATION_CONDITIONS = DEBUG;
				SWIFT_OPTIMIZATION_LEVEL = "-Onone";
			};
			name = Debug;
		};
		3D6BA9F122E71F36006537EF /* Release */ = {
			isa = XCBuildConfiguration;
			buildSettings = {
				ALWAYS_SEARCH_USER_PATHS = NO;
				CLANG_ANALYZER_LOCALIZABILITY_NONLOCALIZED = YES;
				CLANG_ANALYZER_NONNULL = YES;
				CLANG_ANALYZER_NUMBER_OBJECT_CONVERSION = YES_AGGRESSIVE;
				CLANG_CXX_LANGUAGE_STANDARD = "gnu++14";
				CLANG_CXX_LIBRARY = "libc++";
				CLANG_ENABLE_MODULES = YES;
				CLANG_ENABLE_OBJC_ARC = YES;
				CLANG_ENABLE_OBJC_WEAK = YES;
				CLANG_WARN_BLOCK_CAPTURE_AUTORELEASING = YES;
				CLANG_WARN_BOOL_CONVERSION = YES;
				CLANG_WARN_COMMA = YES;
				CLANG_WARN_CONSTANT_CONVERSION = YES;
				CLANG_WARN_DEPRECATED_OBJC_IMPLEMENTATIONS = YES;
				CLANG_WARN_DIRECT_OBJC_ISA_USAGE = YES_ERROR;
				CLANG_WARN_DOCUMENTATION_COMMENTS = YES;
				CLANG_WARN_EMPTY_BODY = YES;
				CLANG_WARN_ENUM_CONVERSION = YES;
				CLANG_WARN_INFINITE_RECURSION = YES;
				CLANG_WARN_INT_CONVERSION = YES;
				CLANG_WARN_NON_LITERAL_NULL_CONVERSION = YES;
				CLANG_WARN_OBJC_IMPLICIT_RETAIN_SELF = YES;
				CLANG_WARN_OBJC_LITERAL_CONVERSION = YES;
				CLANG_WARN_OBJC_ROOT_CLASS = YES_ERROR;
				CLANG_WARN_RANGE_LOOP_ANALYSIS = YES;
				CLANG_WARN_STRICT_PROTOTYPES = YES;
				CLANG_WARN_SUSPICIOUS_MOVE = YES;
				CLANG_WARN_UNGUARDED_AVAILABILITY = YES_AGGRESSIVE;
				CLANG_WARN_UNREACHABLE_CODE = YES;
				CLANG_WARN__DUPLICATE_METHOD_MATCH = YES;
				CODE_SIGN_IDENTITY = "iPhone Developer";
				COPY_PHASE_STRIP = NO;
				DEBUG_INFORMATION_FORMAT = "dwarf-with-dsym";
				ENABLE_NS_ASSERTIONS = NO;
				ENABLE_STRICT_OBJC_MSGSEND = YES;
				GCC_C_LANGUAGE_STANDARD = gnu11;
				GCC_NO_COMMON_BLOCKS = YES;
				GCC_WARN_64_TO_32_BIT_CONVERSION = YES;
				GCC_WARN_ABOUT_RETURN_TYPE = YES_ERROR;
				GCC_WARN_UNDECLARED_SELECTOR = YES;
				GCC_WARN_UNINITIALIZED_AUTOS = YES_AGGRESSIVE;
				GCC_WARN_UNUSED_FUNCTION = YES;
				GCC_WARN_UNUSED_VARIABLE = YES;
				IPHONEOS_DEPLOYMENT_TARGET = 12.2;
				MTL_ENABLE_DEBUG_INFO = NO;
				MTL_FAST_MATH = YES;
				SDKROOT = iphoneos;
				SWIFT_COMPILATION_MODE = wholemodule;
				SWIFT_OPTIMIZATION_LEVEL = "-O";
				VALIDATE_PRODUCT = YES;
			};
			name = Release;
		};
		3D6BA9F322E71F36006537EF /* Debug */ = {
			isa = XCBuildConfiguration;
			baseConfigurationReference = EB2B1C51B47945F02BEF6C4A /* Pods-toDO.debug.xcconfig */;
			buildSettings = {
				ASSETCATALOG_COMPILER_APPICON_NAME = AppIcon;
				CODE_SIGN_STYLE = Automatic;
				DEVELOPMENT_TEAM = W9QV9753NK;
				INFOPLIST_FILE = TaskRTA/Info.plist;
				LD_RUNPATH_SEARCH_PATHS = (
					"$(inherited)",
					"@executable_path/Frameworks",
				);
				MARKETING_VERSION = 1.2;
				PRODUCT_BUNDLE_IDENTIFIER = net.rirex.TaskRTA;
				PRODUCT_NAME = "$(TARGET_NAME)";
				SWIFT_VERSION = 5.0;
				TARGETED_DEVICE_FAMILY = "1,2";
			};
			name = Debug;
		};
		3D6BA9F422E71F36006537EF /* Release */ = {
			isa = XCBuildConfiguration;
			baseConfigurationReference = FCDC5887D5439CC182A3C073 /* Pods-toDO.release.xcconfig */;
			buildSettings = {
				ASSETCATALOG_COMPILER_APPICON_NAME = AppIcon;
				CODE_SIGN_STYLE = Automatic;
				DEVELOPMENT_TEAM = W9QV9753NK;
				INFOPLIST_FILE = TaskRTA/Info.plist;
				LD_RUNPATH_SEARCH_PATHS = (
					"$(inherited)",
					"@executable_path/Frameworks",
				);
				MARKETING_VERSION = 1.2;
				PRODUCT_BUNDLE_IDENTIFIER = net.rirex.TaskRTA;
				PRODUCT_NAME = "$(TARGET_NAME)";
				SWIFT_VERSION = 5.0;
				TARGETED_DEVICE_FAMILY = "1,2";
			};
			name = Release;
		};
/* End XCBuildConfiguration section */

/* Begin XCConfigurationList section */
		3D6BA9DB22E71F33006537EF /* Build configuration list for PBXProject "TaskRTA" */ = {
			isa = XCConfigurationList;
			buildConfigurations = (
				3D6BA9F022E71F36006537EF /* Debug */,
				3D6BA9F122E71F36006537EF /* Release */,
			);
			defaultConfigurationIsVisible = 0;
			defaultConfigurationName = Release;
		};
		3D6BA9F222E71F36006537EF /* Build configuration list for PBXNativeTarget "TaskRTA" */ = {
			isa = XCConfigurationList;
			buildConfigurations = (
				3D6BA9F322E71F36006537EF /* Debug */,
				3D6BA9F422E71F36006537EF /* Release */,
			);
			defaultConfigurationIsVisible = 0;
			defaultConfigurationName = Release;
		};
/* End XCConfigurationList section */
	};
	rootObject = 3D6BA9D822E71F33006537EF /* Project object */;
}
